// !$*UTF8*$!
{
	archiveVersion = 1;
	classes = {
	};
	objectVersion = 56;
	objects = {

/* Begin PBXBuildFile section */
		3542D18D2B37F5D5008F6E3D /* LoginViewModel.swift in Sources */ = {isa = PBXBuildFile; fileRef = 3542D18C2B37F5D5008F6E3D /* LoginViewModel.swift */; };
		358C464A2B0E0794009966B8 /* AppDelegate.swift in Sources */ = {isa = PBXBuildFile; fileRef = 358C46492B0E0794009966B8 /* AppDelegate.swift */; };
		358C464C2B0E0794009966B8 /* SceneDelegate.swift in Sources */ = {isa = PBXBuildFile; fileRef = 358C464B2B0E0794009966B8 /* SceneDelegate.swift */; };
		358C464E2B0E0794009966B8 /* LoginController.swift in Sources */ = {isa = PBXBuildFile; fileRef = 358C464D2B0E0794009966B8 /* LoginController.swift */; };
		358C46532B0E0796009966B8 /* Assets.xcassets in Resources */ = {isa = PBXBuildFile; fileRef = 358C46522B0E0796009966B8 /* Assets.xcassets */; };
		358C46562B0E0796009966B8 /* LaunchScreen.storyboard in Resources */ = {isa = PBXBuildFile; fileRef = 358C46542B0E0796009966B8 /* LaunchScreen.storyboard */; };
		358C466C2B0F132A009966B8 /* AnimalDetailViewController.swift in Sources */ = {isa = PBXBuildFile; fileRef = 358C466B2B0F132A009966B8 /* AnimalDetailViewController.swift */; };
		358C466E2B0F3926009966B8 /* SignUpController.swift in Sources */ = {isa = PBXBuildFile; fileRef = 358C466D2B0F3926009966B8 /* SignUpController.swift */; };
		358C46732B0F7B6C009966B8 /* AccountCheckingController.swift in Sources */ = {isa = PBXBuildFile; fileRef = 358C46722B0F7B6C009966B8 /* AccountCheckingController.swift */; };
		35E73E1C2B380E350085E481 /* LoginScreen.swift in Sources */ = {isa = PBXBuildFile; fileRef = 35E73E1B2B380E350085E481 /* LoginScreen.swift */; };
		35E73E1E2B3810200085E481 /* HomeController.swift in Sources */ = {isa = PBXBuildFile; fileRef = 35E73E1D2B3810200085E481 /* HomeController.swift */; };
		35EC63F42B382A7100405D00 /* UIViewController+Extension.swift in Sources */ = {isa = PBXBuildFile; fileRef = 35EC63F32B382A7100405D00 /* UIViewController+Extension.swift */; };
		35EC63F72B382BDA00405D00 /* SignUpScreen.swift in Sources */ = {isa = PBXBuildFile; fileRef = 35EC63F62B382BDA00405D00 /* SignUpScreen.swift */; };
		35EC63FA2B38335400405D00 /* TextField.swift in Sources */ = {isa = PBXBuildFile; fileRef = 35EC63F92B38335400405D00 /* TextField.swift */; };
		35EC63FD2B383E8100405D00 /* ForgetPasswordController.swift in Sources */ = {isa = PBXBuildFile; fileRef = 35EC63FC2B383E8100405D00 /* ForgetPasswordController.swift */; };
		35EC63FF2B38408300405D00 /* SignUpViewModel.swift in Sources */ = {isa = PBXBuildFile; fileRef = 35EC63FE2B38408300405D00 /* SignUpViewModel.swift */; };
		35EC64012B3840AB00405D00 /* ForgetPasswordScreen.swift in Sources */ = {isa = PBXBuildFile; fileRef = 35EC64002B3840AB00405D00 /* ForgetPasswordScreen.swift */; };
		35EC64032B3933EF00405D00 /* TabBarController.swift in Sources */ = {isa = PBXBuildFile; fileRef = 35EC64022B3933EF00405D00 /* TabBarController.swift */; };
		35EC64052B39364600405D00 /* VideoController.swift in Sources */ = {isa = PBXBuildFile; fileRef = 35EC64042B39364600405D00 /* VideoController.swift */; };
		35EC64072B3A9A5900405D00 /* GoogleService-Info.plist in Resources */ = {isa = PBXBuildFile; fileRef = 35EC64062B3A9A5900405D00 /* GoogleService-Info.plist */; };
		35EC64092B3AA13100405D00 /* Configuration.swift in Sources */ = {isa = PBXBuildFile; fileRef = 35EC64082B3AA13100405D00 /* Configuration.swift */; };
		8CFB69F73FACE5FD2907072C /* Pods_fbLoginPage.framework in Frameworks */ = {isa = PBXBuildFile; fileRef = C0EAB9AA7245CD433D9AF756 /* Pods_fbLoginPage.framework */; };
/* End PBXBuildFile section */

/* Begin PBXFileReference section */
		34F80075160357A9BEFDB86E /* Pods-fbLoginPage.debug.xcconfig */ = {isa = PBXFileReference; includeInIndex = 1; lastKnownFileType = text.xcconfig; name = "Pods-fbLoginPage.debug.xcconfig"; path = "Target Support Files/Pods-fbLoginPage/Pods-fbLoginPage.debug.xcconfig"; sourceTree = "<group>"; };
		3542D18C2B37F5D5008F6E3D /* LoginViewModel.swift */ = {isa = PBXFileReference; lastKnownFileType = sourcecode.swift; path = LoginViewModel.swift; sourceTree = "<group>"; };
		358C46462B0E0794009966B8 /* fbLoginPage.app */ = {isa = PBXFileReference; explicitFileType = wrapper.application; includeInIndex = 0; path = fbLoginPage.app; sourceTree = BUILT_PRODUCTS_DIR; };
		358C46492B0E0794009966B8 /* AppDelegate.swift */ = {isa = PBXFileReference; lastKnownFileType = sourcecode.swift; path = AppDelegate.swift; sourceTree = "<group>"; };
		358C464B2B0E0794009966B8 /* SceneDelegate.swift */ = {isa = PBXFileReference; lastKnownFileType = sourcecode.swift; path = SceneDelegate.swift; sourceTree = "<group>"; };
		358C464D2B0E0794009966B8 /* LoginController.swift */ = {isa = PBXFileReference; lastKnownFileType = sourcecode.swift; path = LoginController.swift; sourceTree = "<group>"; };
		358C46522B0E0796009966B8 /* Assets.xcassets */ = {isa = PBXFileReference; lastKnownFileType = folder.assetcatalog; path = Assets.xcassets; sourceTree = "<group>"; };
		358C46552B0E0796009966B8 /* Base */ = {isa = PBXFileReference; lastKnownFileType = file.storyboard; name = Base; path = Base.lproj/LaunchScreen.storyboard; sourceTree = "<group>"; };
		358C46572B0E0796009966B8 /* Info.plist */ = {isa = PBXFileReference; lastKnownFileType = text.plist.xml; path = Info.plist; sourceTree = "<group>"; };
		358C466B2B0F132A009966B8 /* AnimalDetailViewController.swift */ = {isa = PBXFileReference; lastKnownFileType = sourcecode.swift; path = AnimalDetailViewController.swift; sourceTree = "<group>"; };
		358C466D2B0F3926009966B8 /* SignUpController.swift */ = {isa = PBXFileReference; lastKnownFileType = sourcecode.swift; path = SignUpController.swift; sourceTree = "<group>"; };
		358C46722B0F7B6C009966B8 /* AccountCheckingController.swift */ = {isa = PBXFileReference; lastKnownFileType = sourcecode.swift; path = AccountCheckingController.swift; sourceTree = "<group>"; };
		35E73E1B2B380E350085E481 /* LoginScreen.swift */ = {isa = PBXFileReference; lastKnownFileType = sourcecode.swift; path = LoginScreen.swift; sourceTree = "<group>"; };
		35E73E1D2B3810200085E481 /* HomeController.swift */ = {isa = PBXFileReference; lastKnownFileType = sourcecode.swift; path = HomeController.swift; sourceTree = "<group>"; };
		35EC63F32B382A7100405D00 /* UIViewController+Extension.swift */ = {isa = PBXFileReference; lastKnownFileType = sourcecode.swift; path = "UIViewController+Extension.swift"; sourceTree = "<group>"; };
		35EC63F62B382BDA00405D00 /* SignUpScreen.swift */ = {isa = PBXFileReference; lastKnownFileType = sourcecode.swift; path = SignUpScreen.swift; sourceTree = "<group>"; };
		35EC63F92B38335400405D00 /* TextField.swift */ = {isa = PBXFileReference; lastKnownFileType = sourcecode.swift; path = TextField.swift; sourceTree = "<group>"; };
		35EC63FC2B383E8100405D00 /* ForgetPasswordController.swift */ = {isa = PBXFileReference; lastKnownFileType = sourcecode.swift; path = ForgetPasswordController.swift; sourceTree = "<group>"; };
		35EC63FE2B38408300405D00 /* SignUpViewModel.swift */ = {isa = PBXFileReference; lastKnownFileType = sourcecode.swift; path = SignUpViewModel.swift; sourceTree = "<group>"; };
		35EC64002B3840AB00405D00 /* ForgetPasswordScreen.swift */ = {isa = PBXFileReference; lastKnownFileType = sourcecode.swift; path = ForgetPasswordScreen.swift; sourceTree = "<group>"; };
		35EC64022B3933EF00405D00 /* TabBarController.swift */ = {isa = PBXFileReference; lastKnownFileType = sourcecode.swift; path = TabBarController.swift; sourceTree = "<group>"; };
		35EC64042B39364600405D00 /* VideoController.swift */ = {isa = PBXFileReference; lastKnownFileType = sourcecode.swift; path = VideoController.swift; sourceTree = "<group>"; };
		35EC64062B3A9A5900405D00 /* GoogleService-Info.plist */ = {isa = PBXFileReference; fileEncoding = 4; lastKnownFileType = text.plist.xml; path = "GoogleService-Info.plist"; sourceTree = "<group>"; };
		35EC64082B3AA13100405D00 /* Configuration.swift */ = {isa = PBXFileReference; lastKnownFileType = sourcecode.swift; path = Configuration.swift; sourceTree = "<group>"; };
		C0EAB9AA7245CD433D9AF756 /* Pods_fbLoginPage.framework */ = {isa = PBXFileReference; explicitFileType = wrapper.framework; includeInIndex = 0; path = Pods_fbLoginPage.framework; sourceTree = BUILT_PRODUCTS_DIR; };
		DA3CE6E0413A109F629B5A43 /* Pods-fbLoginPage.release.xcconfig */ = {isa = PBXFileReference; includeInIndex = 1; lastKnownFileType = text.xcconfig; name = "Pods-fbLoginPage.release.xcconfig"; path = "Target Support Files/Pods-fbLoginPage/Pods-fbLoginPage.release.xcconfig"; sourceTree = "<group>"; };
/* End PBXFileReference section */

/* Begin PBXFrameworksBuildPhase section */
		358C46432B0E0794009966B8 /* Frameworks */ = {
			isa = PBXFrameworksBuildPhase;
			buildActionMask = 2147483647;
			files = (
				8CFB69F73FACE5FD2907072C /* Pods_fbLoginPage.framework in Frameworks */,
			);
			runOnlyForDeploymentPostprocessing = 0;
		};
/* End PBXFrameworksBuildPhase section */

/* Begin PBXGroup section */
		3542D1882B37F4E6008F6E3D /* Resources */ = {
			isa = PBXGroup;
			children = (
				358C46492B0E0794009966B8 /* AppDelegate.swift */,
				358C464B2B0E0794009966B8 /* SceneDelegate.swift */,
				358C46522B0E0796009966B8 /* Assets.xcassets */,
				358C46542B0E0796009966B8 /* LaunchScreen.storyboard */,
			);
			path = Resources;
			sourceTree = "<group>";
		};
		358C463D2B0E0793009966B8 = {
			isa = PBXGroup;
			children = (
				358C46482B0E0794009966B8 /* fbLoginPage */,
				358C46472B0E0794009966B8 /* Products */,
				A9B5D33812DB190EC9817DC5 /* Pods */,
				B111382A6B223FC4B61DA48E /* Frameworks */,
			);
			sourceTree = "<group>";
		};
		358C46472B0E0794009966B8 /* Products */ = {
			isa = PBXGroup;
			children = (
				358C46462B0E0794009966B8 /* fbLoginPage.app */,
			);
			name = Products;
			sourceTree = "<group>";
		};
		358C46482B0E0794009966B8 /* fbLoginPage */ = {
			isa = PBXGroup;
			children = (
				359322D02B3ABF8C00C40FA2 /* Configuration */,
				35EC63F22B382A4E00405D00 /* Extension */,
				35EC63F02B38288A00405D00 /* Module */,
				358C46712B0F5A6D009966B8 /* Controller */,
				3542D1882B37F4E6008F6E3D /* Resources */,
				358C46572B0E0796009966B8 /* Info.plist */,
				35EC64062B3A9A5900405D00 /* GoogleService-Info.plist */,
			);
			path = fbLoginPage;
			sourceTree = "<group>";
		};
		358C46712B0F5A6D009966B8 /* Controller */ = {
			isa = PBXGroup;
			children = (
				358C466B2B0F132A009966B8 /* AnimalDetailViewController.swift */,
				358C46722B0F7B6C009966B8 /* AccountCheckingController.swift */,
				35E73E1D2B3810200085E481 /* HomeController.swift */,
				35EC64022B3933EF00405D00 /* TabBarController.swift */,
				35EC64042B39364600405D00 /* VideoController.swift */,
			);
			path = Controller;
			sourceTree = "<group>";
		};
		359322D02B3ABF8C00C40FA2 /* Configuration */ = {
			isa = PBXGroup;
			children = (
				35EC64082B3AA13100405D00 /* Configuration.swift */,
			);
			path = Configuration;
			sourceTree = "<group>";
		};
		35EC63F02B38288A00405D00 /* Module */ = {
			isa = PBXGroup;
			children = (
				35EC63FB2B383E6700405D00 /* ForgetPassword */,
				35EC63F52B382B7900405D00 /* SignUp */,
				35EC63F12B38289900405D00 /* login */,
			);
			path = Module;
			sourceTree = "<group>";
		};
		35EC63F12B38289900405D00 /* login */ = {
			isa = PBXGroup;
			children = (
				35E73E1B2B380E350085E481 /* LoginScreen.swift */,
				3542D18C2B37F5D5008F6E3D /* LoginViewModel.swift */,
				358C464D2B0E0794009966B8 /* LoginController.swift */,
			);
			path = login;
			sourceTree = "<group>";
		};
		35EC63F22B382A4E00405D00 /* Extension */ = {
			isa = PBXGroup;
			children = (
				35EC63F32B382A7100405D00 /* UIViewController+Extension.swift */,
				35EC63F92B38335400405D00 /* TextField.swift */,
			);
			path = Extension;
			sourceTree = "<group>";
		};
		35EC63F52B382B7900405D00 /* SignUp */ = {
			isa = PBXGroup;
			children = (
				358C466D2B0F3926009966B8 /* SignUpController.swift */,
				35EC63F62B382BDA00405D00 /* SignUpScreen.swift */,
				35EC63FE2B38408300405D00 /* SignUpViewModel.swift */,
			);
			path = SignUp;
			sourceTree = "<group>";
		};
		35EC63FB2B383E6700405D00 /* ForgetPassword */ = {
			isa = PBXGroup;
			children = (
				35EC63FC2B383E8100405D00 /* ForgetPasswordController.swift */,
				35EC64002B3840AB00405D00 /* ForgetPasswordScreen.swift */,
			);
			path = ForgetPassword;
			sourceTree = "<group>";
		};
		A9B5D33812DB190EC9817DC5 /* Pods */ = {
			isa = PBXGroup;
			children = (
				34F80075160357A9BEFDB86E /* Pods-fbLoginPage.debug.xcconfig */,
				DA3CE6E0413A109F629B5A43 /* Pods-fbLoginPage.release.xcconfig */,
			);
			path = Pods;
			sourceTree = "<group>";
		};
		B111382A6B223FC4B61DA48E /* Frameworks */ = {
			isa = PBXGroup;
			children = (
				C0EAB9AA7245CD433D9AF756 /* Pods_fbLoginPage.framework */,
			);
			name = Frameworks;
			sourceTree = "<group>";
		};
/* End PBXGroup section */

/* Begin PBXNativeTarget section */
		358C46452B0E0794009966B8 /* fbLoginPage */ = {
			isa = PBXNativeTarget;
			buildConfigurationList = 358C465A2B0E0796009966B8 /* Build configuration list for PBXNativeTarget "fbLoginPage" */;
			buildPhases = (
				A8379DF9DCFFA7951E2CA752 /* [CP] Check Pods Manifest.lock */,
				358C46422B0E0794009966B8 /* Sources */,
				358C46432B0E0794009966B8 /* Frameworks */,
				358C46442B0E0794009966B8 /* Resources */,
				4FB4FFB3FBD3C37C5A2FA2BC /* [CP] Embed Pods Frameworks */,
			);
			buildRules = (
			);
			dependencies = (
			);
			name = fbLoginPage;
			productName = fbLoginPage;
			productReference = 358C46462B0E0794009966B8 /* fbLoginPage.app */;
			productType = "com.apple.product-type.application";
		};
/* End PBXNativeTarget section */

/* Begin PBXProject section */
		358C463E2B0E0793009966B8 /* Project object */ = {
			isa = PBXProject;
			attributes = {
				BuildIndependentTargetsInParallel = 1;
				LastSwiftUpdateCheck = 1500;
				LastUpgradeCheck = 1500;
				TargetAttributes = {
					358C46452B0E0794009966B8 = {
						CreatedOnToolsVersion = 15.0.1;
					};
				};
			};
			buildConfigurationList = 358C46412B0E0793009966B8 /* Build configuration list for PBXProject "fbLoginPage" */;
			compatibilityVersion = "Xcode 14.0";
			developmentRegion = en;
			hasScannedForEncodings = 0;
			knownRegions = (
				en,
				Base,
			);
			mainGroup = 358C463D2B0E0793009966B8;
			productRefGroup = 358C46472B0E0794009966B8 /* Products */;
			projectDirPath = "";
			projectRoot = "";
			targets = (
				358C46452B0E0794009966B8 /* fbLoginPage */,
			);
		};
/* End PBXProject section */

/* Begin PBXResourcesBuildPhase section */
		358C46442B0E0794009966B8 /* Resources */ = {
			isa = PBXResourcesBuildPhase;
			buildActionMask = 2147483647;
			files = (
				358C46562B0E0796009966B8 /* LaunchScreen.storyboard in Resources */,
				358C46532B0E0796009966B8 /* Assets.xcassets in Resources */,
				35EC64072B3A9A5900405D00 /* GoogleService-Info.plist in Resources */,
			);
			runOnlyForDeploymentPostprocessing = 0;
		};
/* End PBXResourcesBuildPhase section */

/* Begin PBXShellScriptBuildPhase section */
		4FB4FFB3FBD3C37C5A2FA2BC /* [CP] Embed Pods Frameworks */ = {
			isa = PBXShellScriptBuildPhase;
			buildActionMask = 2147483647;
			files = (
			);
			inputFileListPaths = (
				"${PODS_ROOT}/Target Support Files/Pods-fbLoginPage/Pods-fbLoginPage-frameworks-${CONFIGURATION}-input-files.xcfilelist",
			);
			name = "[CP] Embed Pods Frameworks";
			outputFileListPaths = (
				"${PODS_ROOT}/Target Support Files/Pods-fbLoginPage/Pods-fbLoginPage-frameworks-${CONFIGURATION}-output-files.xcfilelist",
			);
			runOnlyForDeploymentPostprocessing = 0;
			shellPath = /bin/sh;
			shellScript = "\"${PODS_ROOT}/Target Support Files/Pods-fbLoginPage/Pods-fbLoginPage-frameworks.sh\"\n";
			showEnvVarsInLog = 0;
		};
		A8379DF9DCFFA7951E2CA752 /* [CP] Check Pods Manifest.lock */ = {
			isa = PBXShellScriptBuildPhase;
			buildActionMask = 2147483647;
			files = (
			);
			inputFileListPaths = (
			);
			inputPaths = (
				"${PODS_PODFILE_DIR_PATH}/Podfile.lock",
				"${PODS_ROOT}/Manifest.lock",
			);
			name = "[CP] Check Pods Manifest.lock";
			outputFileListPaths = (
			);
			outputPaths = (
				"$(DERIVED_FILE_DIR)/Pods-fbLoginPage-checkManifestLockResult.txt",
			);
			runOnlyForDeploymentPostprocessing = 0;
			shellPath = /bin/sh;
			shellScript = "diff \"${PODS_PODFILE_DIR_PATH}/Podfile.lock\" \"${PODS_ROOT}/Manifest.lock\" > /dev/null\nif [ $? != 0 ] ; then\n    # print error to STDERR\n    echo \"error: The sandbox is not in sync with the Podfile.lock. Run 'pod install' or update your CocoaPods installation.\" >&2\n    exit 1\nfi\n# This output is used by Xcode 'outputs' to avoid re-running this script phase.\necho \"SUCCESS\" > \"${SCRIPT_OUTPUT_FILE_0}\"\n";
			showEnvVarsInLog = 0;
		};
/* End PBXShellScriptBuildPhase section */

/* Begin PBXSourcesBuildPhase section */
		358C46422B0E0794009966B8 /* Sources */ = {
			isa = PBXSourcesBuildPhase;
			buildActionMask = 2147483647;
			files = (
				358C464E2B0E0794009966B8 /* LoginController.swift in Sources */,
				35EC64052B39364600405D00 /* VideoController.swift in Sources */,
				35EC64032B3933EF00405D00 /* TabBarController.swift in Sources */,
				35EC63F42B382A7100405D00 /* UIViewController+Extension.swift in Sources */,
				358C466E2B0F3926009966B8 /* SignUpController.swift in Sources */,
				358C466C2B0F132A009966B8 /* AnimalDetailViewController.swift in Sources */,
				358C464A2B0E0794009966B8 /* AppDelegate.swift in Sources */,
				35EC63FA2B38335400405D00 /* TextField.swift in Sources */,
				35EC63FF2B38408300405D00 /* SignUpViewModel.swift in Sources */,
				35E73E1E2B3810200085E481 /* HomeController.swift in Sources */,
				35E73E1C2B380E350085E481 /* LoginScreen.swift in Sources */,
				358C46732B0F7B6C009966B8 /* AccountCheckingController.swift in Sources */,
				35EC64092B3AA13100405D00 /* Configuration.swift in Sources */,
				3542D18D2B37F5D5008F6E3D /* LoginViewModel.swift in Sources */,
				35EC64012B3840AB00405D00 /* ForgetPasswordScreen.swift in Sources */,
				358C464C2B0E0794009966B8 /* SceneDelegate.swift in Sources */,
				35EC63F72B382BDA00405D00 /* SignUpScreen.swift in Sources */,
				35EC63FD2B383E8100405D00 /* ForgetPasswordController.swift in Sources */,
			);
			runOnlyForDeploymentPostprocessing = 0;
		};
/* End PBXSourcesBuildPhase section */

/* Begin PBXVariantGroup section */
		358C46542B0E0796009966B8 /* LaunchScreen.storyboard */ = {
			isa = PBXVariantGroup;
			children = (
				358C46552B0E0796009966B8 /* Base */,
			);
			name = LaunchScreen.storyboard;
			sourceTree = "<group>";
		};
/* End PBXVariantGroup section */

/* Begin XCBuildConfiguration section */
		358C46582B0E0796009966B8 /* Debug */ = {
			isa = XCBuildConfiguration;
			buildSettings = {
				ALWAYS_SEARCH_USER_PATHS = NO;
				ASSETCATALOG_COMPILER_GENERATE_SWIFT_ASSET_SYMBOL_EXTENSIONS = YES;
				CLANG_ANALYZER_NONNULL = YES;
				CLANG_ANALYZER_NUMBER_OBJECT_CONVERSION = YES_AGGRESSIVE;
				CLANG_CXX_LANGUAGE_STANDARD = "gnu++20";
				CLANG_ENABLE_MODULES = YES;
				CLANG_ENABLE_OBJC_ARC = YES;
				CLANG_ENABLE_OBJC_WEAK = YES;
				CLANG_WARN_BLOCK_CAPTURE_AUTORELEASING = YES;
				CLANG_WARN_BOOL_CONVERSION = YES;
				CLANG_WARN_COMMA = YES;
				CLANG_WARN_CONSTANT_CONVERSION = YES;
				CLANG_WARN_DEPRECATED_OBJC_IMPLEMENTATIONS = YES;
				CLANG_WARN_DIRECT_OBJC_ISA_USAGE = YES_ERROR;
				CLANG_WARN_DOCUMENTATION_COMMENTS = YES;
				CLANG_WARN_EMPTY_BODY = YES;
				CLANG_WARN_ENUM_CONVERSION = YES;
				CLANG_WARN_INFINITE_RECURSION = YES;
				CLANG_WARN_INT_CONVERSION = YES;
				CLANG_WARN_NON_LITERAL_NULL_CONVERSION = YES;
				CLANG_WARN_OBJC_IMPLICIT_RETAIN_SELF = YES;
				CLANG_WARN_OBJC_LITERAL_CONVERSION = YES;
				CLANG_WARN_OBJC_ROOT_CLASS = YES_ERROR;
				CLANG_WARN_QUOTED_INCLUDE_IN_FRAMEWORK_HEADER = YES;
				CLANG_WARN_RANGE_LOOP_ANALYSIS = YES;
				CLANG_WARN_STRICT_PROTOTYPES = YES;
				CLANG_WARN_SUSPICIOUS_MOVE = YES;
				CLANG_WARN_UNGUARDED_AVAILABILITY = YES_AGGRESSIVE;
				CLANG_WARN_UNREACHABLE_CODE = YES;
				CLANG_WARN__DUPLICATE_METHOD_MATCH = YES;
				COPY_PHASE_STRIP = NO;
				DEBUG_INFORMATION_FORMAT = dwarf;
				ENABLE_STRICT_OBJC_MSGSEND = YES;
				ENABLE_TESTABILITY = YES;
				ENABLE_USER_SCRIPT_SANDBOXING = YES;
				GCC_C_LANGUAGE_STANDARD = gnu17;
				GCC_DYNAMIC_NO_PIC = NO;
				GCC_NO_COMMON_BLOCKS = YES;
				GCC_OPTIMIZATION_LEVEL = 0;
				GCC_PREPROCESSOR_DEFINITIONS = (
					"DEBUG=1",
					"$(inherited)",
				);
				GCC_WARN_64_TO_32_BIT_CONVERSION = YES;
				GCC_WARN_ABOUT_RETURN_TYPE = YES_ERROR;
				GCC_WARN_UNDECLARED_SELECTOR = YES;
				GCC_WARN_UNINITIALIZED_AUTOS = YES_AGGRESSIVE;
				GCC_WARN_UNUSED_FUNCTION = YES;
				GCC_WARN_UNUSED_VARIABLE = YES;
				IPHONEOS_DEPLOYMENT_TARGET = 17.0;
				LOCALIZATION_PREFERS_STRING_CATALOGS = YES;
				MTL_ENABLE_DEBUG_INFO = INCLUDE_SOURCE;
				MTL_FAST_MATH = YES;
				ONLY_ACTIVE_ARCH = YES;
				SDKROOT = iphoneos;
				SWIFT_ACTIVE_COMPILATION_CONDITIONS = "DEBUG $(inherited)";
				SWIFT_OPTIMIZATION_LEVEL = "-Onone";
			};
			name = Debug;
		};
		358C46592B0E0796009966B8 /* Release */ = {
			isa = XCBuildConfiguration;
			buildSettings = {
				ALWAYS_SEARCH_USER_PATHS = NO;
				ASSETCATALOG_COMPILER_GENERATE_SWIFT_ASSET_SYMBOL_EXTENSIONS = YES;
				CLANG_ANALYZER_NONNULL = YES;
				CLANG_ANALYZER_NUMBER_OBJECT_CONVERSION = YES_AGGRESSIVE;
				CLANG_CXX_LANGUAGE_STANDARD = "gnu++20";
				CLANG_ENABLE_MODULES = YES;
				CLANG_ENABLE_OBJC_ARC = YES;
				CLANG_ENABLE_OBJC_WEAK = YES;
				CLANG_WARN_BLOCK_CAPTURE_AUTORELEASING = YES;
				CLANG_WARN_BOOL_CONVERSION = YES;
				CLANG_WARN_COMMA = YES;
				CLANG_WARN_CONSTANT_CONVERSION = YES;
				CLANG_WARN_DEPRECATED_OBJC_IMPLEMENTATIONS = YES;
				CLANG_WARN_DIRECT_OBJC_ISA_USAGE = YES_ERROR;
				CLANG_WARN_DOCUMENTATION_COMMENTS = YES;
				CLANG_WARN_EMPTY_BODY = YES;
				CLANG_WARN_ENUM_CONVERSION = YES;
				CLANG_WARN_INFINITE_RECURSION = YES;
				CLANG_WARN_INT_CONVERSION = YES;
				CLANG_WARN_NON_LITERAL_NULL_CONVERSION = YES;
				CLANG_WARN_OBJC_IMPLICIT_RETAIN_SELF = YES;
				CLANG_WARN_OBJC_LITERAL_CONVERSION = YES;
				CLANG_WARN_OBJC_ROOT_CLASS = YES_ERROR;
				CLANG_WARN_QUOTED_INCLUDE_IN_FRAMEWORK_HEADER = YES;
				CLANG_WARN_RANGE_LOOP_ANALYSIS = YES;
				CLANG_WARN_STRICT_PROTOTYPES = YES;
				CLANG_WARN_SUSPICIOUS_MOVE = YES;
				CLANG_WARN_UNGUARDED_AVAILABILITY = YES_AGGRESSIVE;
				CLANG_WARN_UNREACHABLE_CODE = YES;
				CLANG_WARN__DUPLICATE_METHOD_MATCH = YES;
				COPY_PHASE_STRIP = NO;
				DEBUG_INFORMATION_FORMAT = "dwarf-with-dsym";
				ENABLE_NS_ASSERTIONS = NO;
				ENABLE_STRICT_OBJC_MSGSEND = YES;
				ENABLE_USER_SCRIPT_SANDBOXING = YES;
				GCC_C_LANGUAGE_STANDARD = gnu17;
				GCC_NO_COMMON_BLOCKS = YES;
				GCC_WARN_64_TO_32_BIT_CONVERSION = YES;
				GCC_WARN_ABOUT_RETURN_TYPE = YES_ERROR;
				GCC_WARN_UNDECLARED_SELECTOR = YES;
				GCC_WARN_UNINITIALIZED_AUTOS = YES_AGGRESSIVE;
				GCC_WARN_UNUSED_FUNCTION = YES;
				GCC_WARN_UNUSED_VARIABLE = YES;
				IPHONEOS_DEPLOYMENT_TARGET = 17.0;
				LOCALIZATION_PREFERS_STRING_CATALOGS = YES;
				MTL_ENABLE_DEBUG_INFO = NO;
				MTL_FAST_MATH = YES;
				SDKROOT = iphoneos;
				SWIFT_COMPILATION_MODE = wholemodule;
				VALIDATE_PRODUCT = YES;
			};
			name = Release;
		};
		358C465B2B0E0796009966B8 /* Debug */ = {
			isa = XCBuildConfiguration;
			baseConfigurationReference = 34F80075160357A9BEFDB86E /* Pods-fbLoginPage.debug.xcconfig */;
			buildSettings = {
				ASSETCATALOG_COMPILER_APPICON_NAME = Facebook;
				ASSETCATALOG_COMPILER_GLOBAL_ACCENT_COLOR_NAME = AccentColor;
				CODE_SIGN_STYLE = Automatic;
				CURRENT_PROJECT_VERSION = 1;
				ENABLE_USER_SCRIPT_SANDBOXING = NO;
				GENERATE_INFOPLIST_FILE = YES;
				INFOPLIST_FILE = fbLoginPage/Info.plist;
				INFOPLIST_KEY_CFBundleDisplayName = Facebook;
				INFOPLIST_KEY_UIApplicationSupportsIndirectInputEvents = YES;
				INFOPLIST_KEY_UILaunchStoryboardName = LaunchScreen;
				INFOPLIST_KEY_UISupportedInterfaceOrientations_iPad = "UIInterfaceOrientationPortrait UIInterfaceOrientationPortraitUpsideDown UIInterfaceOrientationLandscapeLeft UIInterfaceOrientationLandscapeRight";
				INFOPLIST_KEY_UISupportedInterfaceOrientations_iPhone = "UIInterfaceOrientationPortrait UIInterfaceOrientationLandscapeLeft UIInterfaceOrientationLandscapeRight";
				LD_RUNPATH_SEARCH_PATHS = (
					"$(inherited)",
					"@executable_path/Frameworks",
				);
				MARKETING_VERSION = 1.0;
				PRODUCT_BUNDLE_IDENTIFIER = swift.fbLoginPage;
				PRODUCT_NAME = "$(TARGET_NAME)";
				SWIFT_EMIT_LOC_STRINGS = YES;
				SWIFT_VERSION = 5.0;
				TARGETED_DEVICE_FAMILY = "1,2";
			};
			name = Debug;
		};
		358C465C2B0E0796009966B8 /* Release */ = {
			isa = XCBuildConfiguration;
			baseConfigurationReference = DA3CE6E0413A109F629B5A43 /* Pods-fbLoginPage.release.xcconfig */;
			buildSettings = {
				ASSETCATALOG_COMPILER_APPICON_NAME = Facebook;
				ASSETCATALOG_COMPILER_GLOBAL_ACCENT_COLOR_NAME = AccentColor;
				CODE_SIGN_STYLE = Automatic;
				CURRENT_PROJECT_VERSION = 1;
				ENABLE_USER_SCRIPT_SANDBOXING = NO;
				GENERATE_INFOPLIST_FILE = YES;
				INFOPLIST_FILE = fbLoginPage/Info.plist;
				INFOPLIST_KEY_CFBundleDisplayName = Facebook;
				INFOPLIST_KEY_UIApplicationSupportsIndirectInputEvents = YES;
				INFOPLIST_KEY_UILaunchStoryboardName = LaunchScreen;
				INFOPLIST_KEY_UISupportedInterfaceOrientations_iPad = "UIInterfaceOrientationPortrait UIInterfaceOrientationPortraitUpsideDown UIInterfaceOrientationLandscapeLeft UIInterfaceOrientationLandscapeRight";
				INFOPLIST_KEY_UISupportedInterfaceOrientations_iPhone = "UIInterfaceOrientationPortrait UIInterfaceOrientationLandscapeLeft UIInterfaceOrientationLandscapeRight";
				LD_RUNPATH_SEARCH_PATHS = (
					"$(inherited)",
					"@executable_path/Frameworks",
				);
				MARKETING_VERSION = 1.0;
				PRODUCT_BUNDLE_IDENTIFIER = swift.fbLoginPage;
				PRODUCT_NAME = "$(TARGET_NAME)";
				SWIFT_EMIT_LOC_STRINGS = YES;
				SWIFT_VERSION = 5.0;
				TARGETED_DEVICE_FAMILY = "1,2";
			};
			name = Release;
		};
/* End XCBuildConfiguration section */

/* Begin XCConfigurationList section */
		358C46412B0E0793009966B8 /* Build configuration list for PBXProject "fbLoginPage" */ = {
			isa = XCConfigurationList;
			buildConfigurations = (
				358C46582B0E0796009966B8 /* Debug */,
				358C46592B0E0796009966B8 /* Release */,
			);
			defaultConfigurationIsVisible = 0;
			defaultConfigurationName = Release;
		};
		358C465A2B0E0796009966B8 /* Build configuration list for PBXNativeTarget "fbLoginPage" */ = {
			isa = XCConfigurationList;
			buildConfigurations = (
				358C465B2B0E0796009966B8 /* Debug */,
				358C465C2B0E0796009966B8 /* Release */,
			);
			defaultConfigurationIsVisible = 0;
			defaultConfigurationName = Release;
		};
/* End XCConfigurationList section */
	};
	rootObject = 358C463E2B0E0793009966B8 /* Project object */;
}
